
Microsoft Visual Studio Solution File, Format Version 12.00
# Visual Studio Version 17
VisualStudioVersion = 17.5.33530.505
MinimumVisualStudioVersion = 10.0.40219.1
Project("{FAE04EC0-301F-11D3-BF4B-00C04F79EFBC}") = "PseudoParcial", "PseudoParcial.csproj", "{1AA22931-B099-4ECB-A61C-7F77BD5F8F1E}"
EndProject
Global
	GlobalSection(SolutionConfigurationPlatforms) = preSolution
		Debug|Any CPU = Debug|Any CPU
		Release|Any CPU = Release|Any CPU
	EndGlobalSection
	GlobalSection(ProjectConfigurationPlatforms) = postSolution
		{1AA22931-B099-4ECB-A61C-7F77BD5F8F1E}.Debug|Any CPU.ActiveCfg = Debug|Any CPU
		{1AA22931-B099-4ECB-A61C-7F77BD5F8F1E}.Debug|Any CPU.Build.0 = Debug|Any CPU
		{1AA22931-B099-4ECB-A61C-7F77BD5F8F1E}.Release|Any CPU.ActiveCfg = Release|Any CPU
		{1AA22931-B099-4ECB-A61C-7F77BD5F8F1E}.Release|Any CPU.Build.0 = Release|Any CPU
	EndGlobalSection
	GlobalSection(SolutionProperties) = preSolution
		HideSolutionNode = FALSE
	EndGlobalSection
	GlobalSection(ExtensibilityGlobals) = postSolution
		SolutionGuid = {6D66CA79-1404-4204-B6F5-E7E333DB6FF7}
	EndGlobalSection
EndGlobal
